
Microsoft Visual Studio Solution File, Format Version 12.00
# Visual Studio Version 17
VisualStudioVersion = 17.4.33110.190
MinimumVisualStudioVersion = 10.0.40219.1
Project("{FAE04EC0-301F-11D3-BF4B-00C04F79EFBC}") = "ExtensionMethods1", "ExtensionMethods1\ExtensionMethods1.csproj", "{4C429AF9-488F-477B-9840-1257A7FED79F}"
EndProject
Global
	GlobalSection(SolutionConfigurationPlatforms) = preSolution
		Debug|Any CPU = Debug|Any CPU
		Release|Any CPU = Release|Any CPU
	EndGlobalSection
	GlobalSection(ProjectConfigurationPlatforms) = postSolution
		{4C429AF9-488F-477B-9840-1257A7FED79F}.Debug|Any CPU.ActiveCfg = Debug|Any CPU
		{4C429AF9-488F-477B-9840-1257A7FED79F}.Debug|Any CPU.Build.0 = Debug|Any CPU
		{4C429AF9-488F-477B-9840-1257A7FED79F}.Release|Any CPU.ActiveCfg = Release|Any CPU
		{4C429AF9-488F-477B-9840-1257A7FED79F}.Release|Any CPU.Build.0 = Release|Any CPU
	EndGlobalSection
	GlobalSection(SolutionProperties) = preSolution
		HideSolutionNode = FALSE
	EndGlobalSection
	GlobalSection(ExtensibilityGlobals) = postSolution
		SolutionGuid = {77560312-2835-42E5-BAE9-A761EBC5B81D}
	EndGlobalSection
EndGlobal
